
Microsoft Visual Studio Solution File, Format Version 12.00
# Visual Studio Version 16
VisualStudioVersion = 16.0.31829.152
MinimumVisualStudioVersion = 10.0.40219.1
Project("{FAE04EC0-301F-11D3-BF4B-00C04F79EFBC}") = "Sekretariat_szkoły_WPF", "Sekretariat_szkoły_WPF.csproj", "{BF5C2F2A-0C1B-4B5F-861E-88F1EF2CC983}"
EndProject
Global
	GlobalSection(SolutionConfigurationPlatforms) = preSolution
		Debug|Any CPU = Debug|Any CPU
		Release|Any CPU = Release|Any CPU
	EndGlobalSection
	GlobalSection(ProjectConfigurationPlatforms) = postSolution
		{BF5C2F2A-0C1B-4B5F-861E-88F1EF2CC983}.Debug|Any CPU.ActiveCfg = Debug|Any CPU
		{BF5C2F2A-0C1B-4B5F-861E-88F1EF2CC983}.Debug|Any CPU.Build.0 = Debug|Any CPU
		{BF5C2F2A-0C1B-4B5F-861E-88F1EF2CC983}.Release|Any CPU.ActiveCfg = Release|Any CPU
		{BF5C2F2A-0C1B-4B5F-861E-88F1EF2CC983}.Release|Any CPU.Build.0 = Release|Any CPU
	EndGlobalSection
	GlobalSection(SolutionProperties) = preSolution
		HideSolutionNode = FALSE
	EndGlobalSection
	GlobalSection(ExtensibilityGlobals) = postSolution
		SolutionGuid = {20E1CC07-ACE5-4B2A-BA59-C13EAAA921D5}
	EndGlobalSection
EndGlobal
